
Microsoft Visual Studio Solution File, Format Version 12.00
# Visual Studio Version 17
VisualStudioVersion = 17.2.32616.157
MinimumVisualStudioVersion = 10.0.40219.1
Project("{FAE04EC0-301F-11D3-BF4B-00C04F79EFBC}") = "PrintHTMLComponent", "PrintHTMLComponent\PrintHTMLComponent.csproj", "{BDCD1962-B7B0-402D-9989-9AC93E7B5626}"
EndProject
Global
	GlobalSection(SolutionConfigurationPlatforms) = preSolution
		Debug|Any CPU = Debug|Any CPU
		Release|Any CPU = Release|Any CPU
	EndGlobalSection
	GlobalSection(ProjectConfigurationPlatforms) = postSolution
		{BDCD1962-B7B0-402D-9989-9AC93E7B5626}.Debug|Any CPU.ActiveCfg = Debug|Any CPU
		{BDCD1962-B7B0-402D-9989-9AC93E7B5626}.Debug|Any CPU.Build.0 = Debug|Any CPU
		{BDCD1962-B7B0-402D-9989-9AC93E7B5626}.Release|Any CPU.ActiveCfg = Release|Any CPU
		{BDCD1962-B7B0-402D-9989-9AC93E7B5626}.Release|Any CPU.Build.0 = Release|Any CPU
	EndGlobalSection
	GlobalSection(SolutionProperties) = preSolution
		HideSolutionNode = FALSE
	EndGlobalSection
	GlobalSection(ExtensibilityGlobals) = postSolution
		SolutionGuid = {B1D71B42-66D9-4BF2-9164-392A47D9F3F2}
	EndGlobalSection
EndGlobal
